
Microsoft Visual Studio Solution File, Format Version 12.00
# Visual Studio Version 17
VisualStudioVersion = 17.11.35303.130
MinimumVisualStudioVersion = 10.0.40219.1
Project("{9A19103F-16F7-4668-BE54-9A1E7A4F7556}") = "Animals.ConsoleApp", "..\Animals.ConsoleApp\Animals.ConsoleApp.csproj", "{100AA273-D68F-41E3-BAE7-49A10F3384D8}"
EndProject
Project("{FAE04EC0-301F-11D3-BF4B-00C04F79EFBC}") = "Animals.REST", "..\Animals.REST\Animals.REST.csproj", "{5D695947-2CAF-48E3-95DE-44734B29DA31}"
EndProject
Project("{9A19103F-16F7-4668-BE54-9A1E7A4F7556}") = "Animals.Infrastructure", "Animals.Infrastructure.csproj", "{089353B7-22D7-4D9D-9035-277D51FCA34B}"
EndProject
Global
	GlobalSection(SolutionConfigurationPlatforms) = preSolution
		Debug|Any CPU = Debug|Any CPU
		Release|Any CPU = Release|Any CPU
	EndGlobalSection
	GlobalSection(ProjectConfigurationPlatforms) = postSolution
		{100AA273-D68F-41E3-BAE7-49A10F3384D8}.Debug|Any CPU.ActiveCfg = Debug|Any CPU
		{100AA273-D68F-41E3-BAE7-49A10F3384D8}.Debug|Any CPU.Build.0 = Debug|Any CPU
		{100AA273-D68F-41E3-BAE7-49A10F3384D8}.Release|Any CPU.ActiveCfg = Release|Any CPU
		{100AA273-D68F-41E3-BAE7-49A10F3384D8}.Release|Any CPU.Build.0 = Release|Any CPU
		{5D695947-2CAF-48E3-95DE-44734B29DA31}.Debug|Any CPU.ActiveCfg = Debug|Any CPU
		{5D695947-2CAF-48E3-95DE-44734B29DA31}.Debug|Any CPU.Build.0 = Debug|Any CPU
		{5D695947-2CAF-48E3-95DE-44734B29DA31}.Release|Any CPU.ActiveCfg = Release|Any CPU
		{5D695947-2CAF-48E3-95DE-44734B29DA31}.Release|Any CPU.Build.0 = Release|Any CPU
		{089353B7-22D7-4D9D-9035-277D51FCA34B}.Debug|Any CPU.ActiveCfg = Debug|Any CPU
		{089353B7-22D7-4D9D-9035-277D51FCA34B}.Debug|Any CPU.Build.0 = Debug|Any CPU
		{089353B7-22D7-4D9D-9035-277D51FCA34B}.Release|Any CPU.ActiveCfg = Release|Any CPU
		{089353B7-22D7-4D9D-9035-277D51FCA34B}.Release|Any CPU.Build.0 = Release|Any CPU
	EndGlobalSection
	GlobalSection(SolutionProperties) = preSolution
		HideSolutionNode = FALSE
	EndGlobalSection
	GlobalSection(ExtensibilityGlobals) = postSolution
		SolutionGuid = {F399FBDC-ACF8-4E76-B607-63FE91026CEF}
	EndGlobalSection
EndGlobal
